
Microsoft Visual Studio Solution File, Format Version 12.00
# Visual Studio Version 17
VisualStudioVersion = 17.6.33829.357
MinimumVisualStudioVersion = 10.0.40219.1
Project("{FAE04EC0-301F-11D3-BF4B-00C04F79EFBC}") = "myWallpaperCarousel", "myWallpaperCarousel.csproj", "{2051F538-5F66-4E05-B94E-BE37B0B60B42}"
EndProject
Global
	GlobalSection(SolutionConfigurationPlatforms) = preSolution
		Debug|Any CPU = Debug|Any CPU
		Release|Any CPU = Release|Any CPU
	EndGlobalSection
	GlobalSection(ProjectConfigurationPlatforms) = postSolution
		{2051F538-5F66-4E05-B94E-BE37B0B60B42}.Debug|Any CPU.ActiveCfg = Debug|Any CPU
		{2051F538-5F66-4E05-B94E-BE37B0B60B42}.Debug|Any CPU.Build.0 = Debug|Any CPU
		{2051F538-5F66-4E05-B94E-BE37B0B60B42}.Release|Any CPU.ActiveCfg = Release|Any CPU
		{2051F538-5F66-4E05-B94E-BE37B0B60B42}.Release|Any CPU.Build.0 = Release|Any CPU
	EndGlobalSection
	GlobalSection(SolutionProperties) = preSolution
		HideSolutionNode = FALSE
	EndGlobalSection
	GlobalSection(ExtensibilityGlobals) = postSolution
		SolutionGuid = {A644DE9C-6384-4E53-8413-36E6EE343192}
	EndGlobalSection
EndGlobal
